// !$*UTF8*$!
{
	archiveVersion = 1;
	classes = {
	};
	objectVersion = 55;
	objects = {

/* Begin PBXBuildFile section */
		3D1DA8282798344E002F0AB9 /* AppDelegate.swift in Sources */ = {isa = PBXBuildFile; fileRef = 3D1DA8272798344E002F0AB9 /* AppDelegate.swift */; };
		3D1DA82A2798344E002F0AB9 /* SceneDelegate.swift in Sources */ = {isa = PBXBuildFile; fileRef = 3D1DA8292798344E002F0AB9 /* SceneDelegate.swift */; };
		3D1DA82C2798344E002F0AB9 /* ViewController.swift in Sources */ = {isa = PBXBuildFile; fileRef = 3D1DA82B2798344E002F0AB9 /* ViewController.swift */; };
		3D1DA82F2798344E002F0AB9 /* Main.storyboard in Resources */ = {isa = PBXBuildFile; fileRef = 3D1DA82D2798344E002F0AB9 /* Main.storyboard */; };
		3D1DA8312798344F002F0AB9 /* Assets.xcassets in Resources */ = {isa = PBXBuildFile; fileRef = 3D1DA8302798344F002F0AB9 /* Assets.xcassets */; };
		3D1DA8342798344F002F0AB9 /* LaunchScreen.storyboard in Resources */ = {isa = PBXBuildFile; fileRef = 3D1DA8322798344F002F0AB9 /* LaunchScreen.storyboard */; };
		3D1DA83F27983450002F0AB9 /* FastlaneSampleTests.swift in Sources */ = {isa = PBXBuildFile; fileRef = 3D1DA83E27983450002F0AB9 /* FastlaneSampleTests.swift */; };
		3D1DA84927983450002F0AB9 /* FastlaneSampleUITests.swift in Sources */ = {isa = PBXBuildFile; fileRef = 3D1DA84827983450002F0AB9 /* FastlaneSampleUITests.swift */; };
		3D1DA84B27983450002F0AB9 /* FastlaneSampleUITestsLaunchTests.swift in Sources */ = {isa = PBXBuildFile; fileRef = 3D1DA84A27983450002F0AB9 /* FastlaneSampleUITestsLaunchTests.swift */; };
		3EF0EEB32563B7E94825F227 /* Pods_FastlaneSample.framework in Frameworks */ = {isa = PBXBuildFile; fileRef = 15C9EF07D0C0EC1EB6A5451A /* Pods_FastlaneSample.framework */; };
/* End PBXBuildFile section */

/* Begin PBXContainerItemProxy section */
		3D1DA83B27983450002F0AB9 /* PBXContainerItemProxy */ = {
			isa = PBXContainerItemProxy;
			containerPortal = 3D1DA81C2798344E002F0AB9 /* Project object */;
			proxyType = 1;
			remoteGlobalIDString = 3D1DA8232798344E002F0AB9;
			remoteInfo = FastlaneSample;
		};
		3D1DA84527983450002F0AB9 /* PBXContainerItemProxy */ = {
			isa = PBXContainerItemProxy;
			containerPortal = 3D1DA81C2798344E002F0AB9 /* Project object */;
			proxyType = 1;
			remoteGlobalIDString = 3D1DA8232798344E002F0AB9;
			remoteInfo = FastlaneSample;
		};
/* End PBXContainerItemProxy section */

/* Begin PBXFileReference section */
		15C9EF07D0C0EC1EB6A5451A /* Pods_FastlaneSample.framework */ = {isa = PBXFileReference; explicitFileType = wrapper.framework; includeInIndex = 0; path = Pods_FastlaneSample.framework; sourceTree = BUILT_PRODUCTS_DIR; };
		3D1DA8242798344E002F0AB9 /* FastlaneSample.app */ = {isa = PBXFileReference; explicitFileType = wrapper.application; includeInIndex = 0; path = FastlaneSample.app; sourceTree = BUILT_PRODUCTS_DIR; };
		3D1DA8272798344E002F0AB9 /* AppDelegate.swift */ = {isa = PBXFileReference; lastKnownFileType = sourcecode.swift; path = AppDelegate.swift; sourceTree = "<group>"; };
		3D1DA8292798344E002F0AB9 /* SceneDelegate.swift */ = {isa = PBXFileReference; lastKnownFileType = sourcecode.swift; path = SceneDelegate.swift; sourceTree = "<group>"; };
		3D1DA82B2798344E002F0AB9 /* ViewController.swift */ = {isa = PBXFileReference; lastKnownFileType = sourcecode.swift; path = ViewController.swift; sourceTree = "<group>"; };
		3D1DA82E2798344E002F0AB9 /* Base */ = {isa = PBXFileReference; lastKnownFileType = file.storyboard; name = Base; path = Base.lproj/Main.storyboard; sourceTree = "<group>"; };
		3D1DA8302798344F002F0AB9 /* Assets.xcassets */ = {isa = PBXFileReference; lastKnownFileType = folder.assetcatalog; path = Assets.xcassets; sourceTree = "<group>"; };
		3D1DA8332798344F002F0AB9 /* Base */ = {isa = PBXFileReference; lastKnownFileType = file.storyboard; name = Base; path = Base.lproj/LaunchScreen.storyboard; sourceTree = "<group>"; };
		3D1DA8352798344F002F0AB9 /* Info.plist */ = {isa = PBXFileReference; lastKnownFileType = text.plist.xml; path = Info.plist; sourceTree = "<group>"; };
		3D1DA83A27983450002F0AB9 /* FastlaneSampleTests.xctest */ = {isa = PBXFileReference; explicitFileType = wrapper.cfbundle; includeInIndex = 0; path = FastlaneSampleTests.xctest; sourceTree = BUILT_PRODUCTS_DIR; };
		3D1DA83E27983450002F0AB9 /* FastlaneSampleTests.swift */ = {isa = PBXFileReference; lastKnownFileType = sourcecode.swift; path = FastlaneSampleTests.swift; sourceTree = "<group>"; };
		3D1DA84427983450002F0AB9 /* FastlaneSampleUITests.xctest */ = {isa = PBXFileReference; explicitFileType = wrapper.cfbundle; includeInIndex = 0; path = FastlaneSampleUITests.xctest; sourceTree = BUILT_PRODUCTS_DIR; };
		3D1DA84827983450002F0AB9 /* FastlaneSampleUITests.swift */ = {isa = PBXFileReference; lastKnownFileType = sourcecode.swift; path = FastlaneSampleUITests.swift; sourceTree = "<group>"; };
		3D1DA84A27983450002F0AB9 /* FastlaneSampleUITestsLaunchTests.swift */ = {isa = PBXFileReference; lastKnownFileType = sourcecode.swift; path = FastlaneSampleUITestsLaunchTests.swift; sourceTree = "<group>"; };
		54B6CD1C8A16A1314A1DD8DA /* Pods-FastlaneSample.debug.xcconfig */ = {isa = PBXFileReference; includeInIndex = 1; lastKnownFileType = text.xcconfig; name = "Pods-FastlaneSample.debug.xcconfig"; path = "Target Support Files/Pods-FastlaneSample/Pods-FastlaneSample.debug.xcconfig"; sourceTree = "<group>"; };
		6CB50FFF3626DC9A79FA1A57 /* Pods-FastlaneSample.release.xcconfig */ = {isa = PBXFileReference; includeInIndex = 1; lastKnownFileType = text.xcconfig; name = "Pods-FastlaneSample.release.xcconfig"; path = "Target Support Files/Pods-FastlaneSample/Pods-FastlaneSample.release.xcconfig"; sourceTree = "<group>"; };
/* End PBXFileReference section */

/* Begin PBXFrameworksBuildPhase section */
		3D1DA8212798344E002F0AB9 /* Frameworks */ = {
			isa = PBXFrameworksBuildPhase;
			buildActionMask = 2147483647;
			files = (
				3EF0EEB32563B7E94825F227 /* Pods_FastlaneSample.framework in Frameworks */,
			);
			runOnlyForDeploymentPostprocessing = 0;
		};
		3D1DA83727983450002F0AB9 /* Frameworks */ = {
			isa = PBXFrameworksBuildPhase;
			buildActionMask = 2147483647;
			files = (
			);
			runOnlyForDeploymentPostprocessing = 0;
		};
		3D1DA84127983450002F0AB9 /* Frameworks */ = {
			isa = PBXFrameworksBuildPhase;
			buildActionMask = 2147483647;
			files = (
			);
			runOnlyForDeploymentPostprocessing = 0;
		};
/* End PBXFrameworksBuildPhase section */

/* Begin PBXGroup section */
		37879F1F1D73F1DBB289B7E8 /* Frameworks */ = {
			isa = PBXGroup;
			children = (
				15C9EF07D0C0EC1EB6A5451A /* Pods_FastlaneSample.framework */,
			);
			name = Frameworks;
			sourceTree = "<group>";
		};
		3D1DA81B2798344E002F0AB9 = {
			isa = PBXGroup;
			children = (
				3D1DA8262798344E002F0AB9 /* FastlaneSample */,
				3D1DA83D27983450002F0AB9 /* FastlaneSampleTests */,
				3D1DA84727983450002F0AB9 /* FastlaneSampleUITests */,
				3D1DA8252798344E002F0AB9 /* Products */,
				5D4065CDA583307690AA2047 /* Pods */,
				37879F1F1D73F1DBB289B7E8 /* Frameworks */,
			);
			sourceTree = "<group>";
		};
		3D1DA8252798344E002F0AB9 /* Products */ = {
			isa = PBXGroup;
			children = (
				3D1DA8242798344E002F0AB9 /* FastlaneSample.app */,
				3D1DA83A27983450002F0AB9 /* FastlaneSampleTests.xctest */,
				3D1DA84427983450002F0AB9 /* FastlaneSampleUITests.xctest */,
			);
			name = Products;
			sourceTree = "<group>";
		};
		3D1DA8262798344E002F0AB9 /* FastlaneSample */ = {
			isa = PBXGroup;
			children = (
				3D1DA8272798344E002F0AB9 /* AppDelegate.swift */,
				3D1DA8292798344E002F0AB9 /* SceneDelegate.swift */,
				3D1DA82B2798344E002F0AB9 /* ViewController.swift */,
				3D1DA82D2798344E002F0AB9 /* Main.storyboard */,
				3D1DA8302798344F002F0AB9 /* Assets.xcassets */,
				3D1DA8322798344F002F0AB9 /* LaunchScreen.storyboard */,
				3D1DA8352798344F002F0AB9 /* Info.plist */,
			);
			path = FastlaneSample;
			sourceTree = "<group>";
		};
		3D1DA83D27983450002F0AB9 /* FastlaneSampleTests */ = {
			isa = PBXGroup;
			children = (
				3D1DA83E27983450002F0AB9 /* FastlaneSampleTests.swift */,
			);
			path = FastlaneSampleTests;
			sourceTree = "<group>";
		};
		3D1DA84727983450002F0AB9 /* FastlaneSampleUITests */ = {
			isa = PBXGroup;
			children = (
				3D1DA84827983450002F0AB9 /* FastlaneSampleUITests.swift */,
				3D1DA84A27983450002F0AB9 /* FastlaneSampleUITestsLaunchTests.swift */,
			);
			path = FastlaneSampleUITests;
			sourceTree = "<group>";
		};
		5D4065CDA583307690AA2047 /* Pods */ = {
			isa = PBXGroup;
			children = (
				54B6CD1C8A16A1314A1DD8DA /* Pods-FastlaneSample.debug.xcconfig */,
				6CB50FFF3626DC9A79FA1A57 /* Pods-FastlaneSample.release.xcconfig */,
			);
			path = Pods;
			sourceTree = "<group>";
		};
/* End PBXGroup section */

/* Begin PBXNativeTarget section */
		3D1DA8232798344E002F0AB9 /* FastlaneSample */ = {
			isa = PBXNativeTarget;
			buildConfigurationList = 3D1DA84E27983450002F0AB9 /* Build configuration list for PBXNativeTarget "FastlaneSample" */;
			buildPhases = (
				3C86644B57C59CED68DBC433 /* [CP] Check Pods Manifest.lock */,
				3D1DA8202798344E002F0AB9 /* Sources */,
				3D1DA8212798344E002F0AB9 /* Frameworks */,
				3D1DA8222798344E002F0AB9 /* Resources */,
				09ED7E9B939E0E38C656AC80 /* [CP] Embed Pods Frameworks */,
			);
			buildRules = (
			);
			dependencies = (
			);
			name = FastlaneSample;
			productName = FastlaneSample;
			productReference = 3D1DA8242798344E002F0AB9 /* FastlaneSample.app */;
			productType = "com.apple.product-type.application";
		};
		3D1DA83927983450002F0AB9 /* FastlaneSampleTests */ = {
			isa = PBXNativeTarget;
			buildConfigurationList = 3D1DA85127983450002F0AB9 /* Build configuration list for PBXNativeTarget "FastlaneSampleTests" */;
			buildPhases = (
				3D1DA83627983450002F0AB9 /* Sources */,
				3D1DA83727983450002F0AB9 /* Frameworks */,
				3D1DA83827983450002F0AB9 /* Resources */,
			);
			buildRules = (
			);
			dependencies = (
				3D1DA83C27983450002F0AB9 /* PBXTargetDependency */,
			);
			name = FastlaneSampleTests;
			productName = FastlaneSampleTests;
			productReference = 3D1DA83A27983450002F0AB9 /* FastlaneSampleTests.xctest */;
			productType = "com.apple.product-type.bundle.unit-test";
		};
		3D1DA84327983450002F0AB9 /* FastlaneSampleUITests */ = {
			isa = PBXNativeTarget;
			buildConfigurationList = 3D1DA85427983450002F0AB9 /* Build configuration list for PBXNativeTarget "FastlaneSampleUITests" */;
			buildPhases = (
				3D1DA84027983450002F0AB9 /* Sources */,
				3D1DA84127983450002F0AB9 /* Frameworks */,
				3D1DA84227983450002F0AB9 /* Resources */,
			);
			buildRules = (
			);
			dependencies = (
				3D1DA84627983450002F0AB9 /* PBXTargetDependency */,
			);
			name = FastlaneSampleUITests;
			productName = FastlaneSampleUITests;
			productReference = 3D1DA84427983450002F0AB9 /* FastlaneSampleUITests.xctest */;
			productType = "com.apple.product-type.bundle.ui-testing";
		};
/* End PBXNativeTarget section */

/* Begin PBXProject section */
		3D1DA81C2798344E002F0AB9 /* Project object */ = {
			isa = PBXProject;
			attributes = {
				BuildIndependentTargetsInParallel = 1;
				LastSwiftUpdateCheck = 1310;
				LastUpgradeCheck = 1310;
				TargetAttributes = {
					3D1DA8232798344E002F0AB9 = {
						CreatedOnToolsVersion = 13.1;
					};
					3D1DA83927983450002F0AB9 = {
						CreatedOnToolsVersion = 13.1;
						TestTargetID = 3D1DA8232798344E002F0AB9;
					};
					3D1DA84327983450002F0AB9 = {
						CreatedOnToolsVersion = 13.1;
						TestTargetID = 3D1DA8232798344E002F0AB9;
					};
				};
			};
			buildConfigurationList = 3D1DA81F2798344E002F0AB9 /* Build configuration list for PBXProject "FastlaneSample" */;
			compatibilityVersion = "Xcode 13.0";
			developmentRegion = en;
			hasScannedForEncodings = 0;
			knownRegions = (
				en,
				Base,
			);
			mainGroup = 3D1DA81B2798344E002F0AB9;
			productRefGroup = 3D1DA8252798344E002F0AB9 /* Products */;
			projectDirPath = "";
			projectRoot = "";
			targets = (
				3D1DA8232798344E002F0AB9 /* FastlaneSample */,
				3D1DA83927983450002F0AB9 /* FastlaneSampleTests */,
				3D1DA84327983450002F0AB9 /* FastlaneSampleUITests */,
			);
		};
/* End PBXProject section */

/* Begin PBXResourcesBuildPhase section */
		3D1DA8222798344E002F0AB9 /* Resources */ = {
			isa = PBXResourcesBuildPhase;
			buildActionMask = 2147483647;
			files = (
				3D1DA8342798344F002F0AB9 /* LaunchScreen.storyboard in Resources */,
				3D1DA8312798344F002F0AB9 /* Assets.xcassets in Resources */,
				3D1DA82F2798344E002F0AB9 /* Main.storyboard in Resources */,
			);
			runOnlyForDeploymentPostprocessing = 0;
		};
		3D1DA83827983450002F0AB9 /* Resources */ = {
			isa = PBXResourcesBuildPhase;
			buildActionMask = 2147483647;
			files = (
			);
			runOnlyForDeploymentPostprocessing = 0;
		};
		3D1DA84227983450002F0AB9 /* Resources */ = {
			isa = PBXResourcesBuildPhase;
			buildActionMask = 2147483647;
			files = (
			);
			runOnlyForDeploymentPostprocessing = 0;
		};
/* End PBXResourcesBuildPhase section */

/* Begin PBXShellScriptBuildPhase section */
		09ED7E9B939E0E38C656AC80 /* [CP] Embed Pods Frameworks */ = {
			isa = PBXShellScriptBuildPhase;
			buildActionMask = 2147483647;
			files = (
			);
			inputFileListPaths = (
				"${PODS_ROOT}/Target Support Files/Pods-FastlaneSample/Pods-FastlaneSample-frameworks-${CONFIGURATION}-input-files.xcfilelist",
			);
			name = "[CP] Embed Pods Frameworks";
			outputFileListPaths = (
				"${PODS_ROOT}/Target Support Files/Pods-FastlaneSample/Pods-FastlaneSample-frameworks-${CONFIGURATION}-output-files.xcfilelist",
			);
			runOnlyForDeploymentPostprocessing = 0;
			shellPath = /bin/sh;
			shellScript = "\"${PODS_ROOT}/Target Support Files/Pods-FastlaneSample/Pods-FastlaneSample-frameworks.sh\"\n";
			showEnvVarsInLog = 0;
		};
		3C86644B57C59CED68DBC433 /* [CP] Check Pods Manifest.lock */ = {
			isa = PBXShellScriptBuildPhase;
			buildActionMask = 2147483647;
			files = (
			);
			inputFileListPaths = (
			);
			inputPaths = (
				"${PODS_PODFILE_DIR_PATH}/Podfile.lock",
				"${PODS_ROOT}/Manifest.lock",
			);
			name = "[CP] Check Pods Manifest.lock";
			outputFileListPaths = (
			);
			outputPaths = (
				"$(DERIVED_FILE_DIR)/Pods-FastlaneSample-checkManifestLockResult.txt",
			);
			runOnlyForDeploymentPostprocessing = 0;
			shellPath = /bin/sh;
			shellScript = "diff \"${PODS_PODFILE_DIR_PATH}/Podfile.lock\" \"${PODS_ROOT}/Manifest.lock\" > /dev/null\nif [ $? != 0 ] ; then\n    # print error to STDERR\n    echo \"error: The sandbox is not in sync with the Podfile.lock. Run 'pod install' or update your CocoaPods installation.\" >&2\n    exit 1\nfi\n# This output is used by Xcode 'outputs' to avoid re-running this script phase.\necho \"SUCCESS\" > \"${SCRIPT_OUTPUT_FILE_0}\"\n";
			showEnvVarsInLog = 0;
		};
/* End PBXShellScriptBuildPhase section */

/* Begin PBXSourcesBuildPhase section */
		3D1DA8202798344E002F0AB9 /* Sources */ = {
			isa = PBXSourcesBuildPhase;
			buildActionMask = 2147483647;
			files = (
				3D1DA82C2798344E002F0AB9 /* ViewController.swift in Sources */,
				3D1DA8282798344E002F0AB9 /* AppDelegate.swift in Sources */,
				3D1DA82A2798344E002F0AB9 /* SceneDelegate.swift in Sources */,
			);
			runOnlyForDeploymentPostprocessing = 0;
		};
		3D1DA83627983450002F0AB9 /* Sources */ = {
			isa = PBXSourcesBuildPhase;
			buildActionMask = 2147483647;
			files = (
				3D1DA83F27983450002F0AB9 /* FastlaneSampleTests.swift in Sources */,
			);
			runOnlyForDeploymentPostprocessing = 0;
		};
		3D1DA84027983450002F0AB9 /* Sources */ = {
			isa = PBXSourcesBuildPhase;
			buildActionMask = 2147483647;
			files = (
				3D1DA84B27983450002F0AB9 /* FastlaneSampleUITestsLaunchTests.swift in Sources */,
				3D1DA84927983450002F0AB9 /* FastlaneSampleUITests.swift in Sources */,
			);
			runOnlyForDeploymentPostprocessing = 0;
		};
/* End PBXSourcesBuildPhase section */

/* Begin PBXTargetDependency section */
		3D1DA83C27983450002F0AB9 /* PBXTargetDependency */ = {
			isa = PBXTargetDependency;
			target = 3D1DA8232798344E002F0AB9 /* FastlaneSample */;
			targetProxy = 3D1DA83B27983450002F0AB9 /* PBXContainerItemProxy */;
		};
		3D1DA84627983450002F0AB9 /* PBXTargetDependency */ = {
			isa = PBXTargetDependency;
			target = 3D1DA8232798344E002F0AB9 /* FastlaneSample */;
			targetProxy = 3D1DA84527983450002F0AB9 /* PBXContainerItemProxy */;
		};
/* End PBXTargetDependency section */

/* Begin PBXVariantGroup section */
		3D1DA82D2798344E002F0AB9 /* Main.storyboard */ = {
			isa = PBXVariantGroup;
			children = (
				3D1DA82E2798344E002F0AB9 /* Base */,
			);
			name = Main.storyboard;
			sourceTree = "<group>";
		};
		3D1DA8322798344F002F0AB9 /* LaunchScreen.storyboard */ = {
			isa = PBXVariantGroup;
			children = (
				3D1DA8332798344F002F0AB9 /* Base */,
			);
			name = LaunchScreen.storyboard;
			sourceTree = "<group>";
		};
/* End PBXVariantGroup section */

/* Begin XCBuildConfiguration section */
		3D1DA84C27983450002F0AB9 /* Debug */ = {
			isa = XCBuildConfiguration;
			buildSettings = {
				ALWAYS_SEARCH_USER_PATHS = NO;
				CLANG_ANALYZER_NONNULL = YES;
				CLANG_ANALYZER_NUMBER_OBJECT_CONVERSION = YES_AGGRESSIVE;
				CLANG_CXX_LANGUAGE_STANDARD = "gnu++17";
				CLANG_CXX_LIBRARY = "libc++";
				CLANG_ENABLE_MODULES = YES;
				CLANG_ENABLE_OBJC_ARC = YES;
				CLANG_ENABLE_OBJC_WEAK = YES;
				CLANG_WARN_BLOCK_CAPTURE_AUTORELEASING = YES;
				CLANG_WARN_BOOL_CONVERSION = YES;
				CLANG_WARN_COMMA = YES;
				CLANG_WARN_CONSTANT_CONVERSION = YES;
				CLANG_WARN_DEPRECATED_OBJC_IMPLEMENTATIONS = YES;
				CLANG_WARN_DIRECT_OBJC_ISA_USAGE = YES_ERROR;
				CLANG_WARN_DOCUMENTATION_COMMENTS = YES;
				CLANG_WARN_EMPTY_BODY = YES;
				CLANG_WARN_ENUM_CONVERSION = YES;
				CLANG_WARN_INFINITE_RECURSION = YES;
				CLANG_WARN_INT_CONVERSION = YES;
				CLANG_WARN_NON_LITERAL_NULL_CONVERSION = YES;
				CLANG_WARN_OBJC_IMPLICIT_RETAIN_SELF = YES;
				CLANG_WARN_OBJC_LITERAL_CONVERSION = YES;
				CLANG_WARN_OBJC_ROOT_CLASS = YES_ERROR;
				CLANG_WARN_QUOTED_INCLUDE_IN_FRAMEWORK_HEADER = YES;
				CLANG_WARN_RANGE_LOOP_ANALYSIS = YES;
				CLANG_WARN_STRICT_PROTOTYPES = YES;
				CLANG_WARN_SUSPICIOUS_MOVE = YES;
				CLANG_WARN_UNGUARDED_AVAILABILITY = YES_AGGRESSIVE;
				CLANG_WARN_UNREACHABLE_CODE = YES;
				CLANG_WARN__DUPLICATE_METHOD_MATCH = YES;
				COPY_PHASE_STRIP = NO;
				DEBUG_INFORMATION_FORMAT = dwarf;
				ENABLE_STRICT_OBJC_MSGSEND = YES;
				ENABLE_TESTABILITY = YES;
				GCC_C_LANGUAGE_STANDARD = gnu11;
				GCC_DYNAMIC_NO_PIC = NO;
				GCC_NO_COMMON_BLOCKS = YES;
				GCC_OPTIMIZATION_LEVEL = 0;
				GCC_PREPROCESSOR_DEFINITIONS = (
					"DEBUG=1",
					"$(inherited)",
				);
				GCC_WARN_64_TO_32_BIT_CONVERSION = YES;
				GCC_WARN_ABOUT_RETURN_TYPE = YES_ERROR;
				GCC_WARN_UNDECLARED_SELECTOR = YES;
				GCC_WARN_UNINITIALIZED_AUTOS = YES_AGGRESSIVE;
				GCC_WARN_UNUSED_FUNCTION = YES;
				GCC_WARN_UNUSED_VARIABLE = YES;
				IPHONEOS_DEPLOYMENT_TARGET = 15.0;
				MTL_ENABLE_DEBUG_INFO = INCLUDE_SOURCE;
				MTL_FAST_MATH = YES;
				ONLY_ACTIVE_ARCH = YES;
				SDKROOT = iphoneos;
				SWIFT_ACTIVE_COMPILATION_CONDITIONS = DEBUG;
				SWIFT_OPTIMIZATION_LEVEL = "-Onone";
			};
			name = Debug;
		};
		3D1DA84D27983450002F0AB9 /* Release */ = {
			isa = XCBuildConfiguration;
			buildSettings = {
				ALWAYS_SEARCH_USER_PATHS = NO;
				CLANG_ANALYZER_NONNULL = YES;
				CLANG_ANALYZER_NUMBER_OBJECT_CONVERSION = YES_AGGRESSIVE;
				CLANG_CXX_LANGUAGE_STANDARD = "gnu++17";
				CLANG_CXX_LIBRARY = "libc++";
				CLANG_ENABLE_MODULES = YES;
				CLANG_ENABLE_OBJC_ARC = YES;
				CLANG_ENABLE_OBJC_WEAK = YES;
				CLANG_WARN_BLOCK_CAPTURE_AUTORELEASING = YES;
				CLANG_WARN_BOOL_CONVERSION = YES;
				CLANG_WARN_COMMA = YES;
				CLANG_WARN_CONSTANT_CONVERSION = YES;
				CLANG_WARN_DEPRECATED_OBJC_IMPLEMENTATIONS = YES;
				CLANG_WARN_DIRECT_OBJC_ISA_USAGE = YES_ERROR;
				CLANG_WARN_DOCUMENTATION_COMMENTS = YES;
				CLANG_WARN_EMPTY_BODY = YES;
				CLANG_WARN_ENUM_CONVERSION = YES;
				CLANG_WARN_INFINITE_RECURSION = YES;
				CLANG_WARN_INT_CONVERSION = YES;
				CLANG_WARN_NON_LITERAL_NULL_CONVERSION = YES;
				CLANG_WARN_OBJC_IMPLICIT_RETAIN_SELF = YES;
				CLANG_WARN_OBJC_LITERAL_CONVERSION = YES;
				CLANG_WARN_OBJC_ROOT_CLASS = YES_ERROR;
				CLANG_WARN_QUOTED_INCLUDE_IN_FRAMEWORK_HEADER = YES;
				CLANG_WARN_RANGE_LOOP_ANALYSIS = YES;
				CLANG_WARN_STRICT_PROTOTYPES = YES;
				CLANG_WARN_SUSPICIOUS_MOVE = YES;
				CLANG_WARN_UNGUARDED_AVAILABILITY = YES_AGGRESSIVE;
				CLANG_WARN_UNREACHABLE_CODE = YES;
				CLANG_WARN__DUPLICATE_METHOD_MATCH = YES;
				COPY_PHASE_STRIP = NO;
				DEBUG_INFORMATION_FORMAT = "dwarf-with-dsym";
				ENABLE_NS_ASSERTIONS = NO;
				ENABLE_STRICT_OBJC_MSGSEND = YES;
				GCC_C_LANGUAGE_STANDARD = gnu11;
				GCC_NO_COMMON_BLOCKS = YES;
				GCC_WARN_64_TO_32_BIT_CONVERSION = YES;
				GCC_WARN_ABOUT_RETURN_TYPE = YES_ERROR;
				GCC_WARN_UNDECLARED_SELECTOR = YES;
				GCC_WARN_UNINITIALIZED_AUTOS = YES_AGGRESSIVE;
				GCC_WARN_UNUSED_FUNCTION = YES;
				GCC_WARN_UNUSED_VARIABLE = YES;
				IPHONEOS_DEPLOYMENT_TARGET = 15.0;
				MTL_ENABLE_DEBUG_INFO = NO;
				MTL_FAST_MATH = YES;
				SDKROOT = iphoneos;
				SWIFT_COMPILATION_MODE = wholemodule;
				SWIFT_OPTIMIZATION_LEVEL = "-O";
				VALIDATE_PRODUCT = YES;
			};
			name = Release;
		};
		3D1DA84F27983450002F0AB9 /* Debug */ = {
			isa = XCBuildConfiguration;
			baseConfigurationReference = 54B6CD1C8A16A1314A1DD8DA /* Pods-FastlaneSample.debug.xcconfig */;
			buildSettings = {
				ASSETCATALOG_COMPILER_APPICON_NAME = AppIcon;
				ASSETCATALOG_COMPILER_GLOBAL_ACCENT_COLOR_NAME = AccentColor;
				CODE_SIGN_STYLE = Automatic;
				CURRENT_PROJECT_VERSION = 1;
				GENERATE_INFOPLIST_FILE = YES;
				INFOPLIST_FILE = FastlaneSample/Info.plist;
				INFOPLIST_KEY_UIApplicationSupportsIndirectInputEvents = YES;
				INFOPLIST_KEY_UILaunchStoryboardName = LaunchScreen;
				INFOPLIST_KEY_UIMainStoryboardFile = Main;
				INFOPLIST_KEY_UISupportedInterfaceOrientations_iPad = "UIInterfaceOrientationPortrait UIInterfaceOrientationPortraitUpsideDown UIInterfaceOrientationLandscapeLeft UIInterfaceOrientationLandscapeRight";
				INFOPLIST_KEY_UISupportedInterfaceOrientations_iPhone = "UIInterfaceOrientationPortrait UIInterfaceOrientationLandscapeLeft UIInterfaceOrientationLandscapeRight";
				LD_RUNPATH_SEARCH_PATHS = (
					"$(inherited)",
					"@executable_path/Frameworks",
				);
				MARKETING_VERSION = 1.0;
				PRODUCT_BUNDLE_IDENTIFIER = com.FastlaneSample;
				PRODUCT_NAME = "$(TARGET_NAME)";
				SWIFT_EMIT_LOC_STRINGS = YES;
				SWIFT_VERSION = 5.0;
				TARGETED_DEVICE_FAMILY = 1;
			};
			name = Debug;
		};
		3D1DA85027983450002F0AB9 /* Release */ = {
			isa = XCBuildConfiguration;
			baseConfigurationReference = 6CB50FFF3626DC9A79FA1A57 /* Pods-FastlaneSample.release.xcconfig */;
			buildSettings = {
				ASSETCATALOG_COMPILER_APPICON_NAME = AppIcon;
				ASSETCATALOG_COMPILER_GLOBAL_ACCENT_COLOR_NAME = AccentColor;
				CODE_SIGN_STYLE = Automatic;
				CURRENT_PROJECT_VERSION = 1;
				GENERATE_INFOPLIST_FILE = YES;
				INFOPLIST_FILE = FastlaneSample/Info.plist;
				INFOPLIST_KEY_UIApplicationSupportsIndirectInputEvents = YES;
				INFOPLIST_KEY_UILaunchStoryboardName = LaunchScreen;
				INFOPLIST_KEY_UIMainStoryboardFile = Main;
				INFOPLIST_KEY_UISupportedInterfaceOrientations_iPad = "UIInterfaceOrientationPortrait UIInterfaceOrientationPortraitUpsideDown UIInterfaceOrientationLandscapeLeft UIInterfaceOrientationLandscapeRight";
				INFOPLIST_KEY_UISupportedInterfaceOrientations_iPhone = "UIInterfaceOrientationPortrait UIInterfaceOrientationLandscapeLeft UIInterfaceOrientationLandscapeRight";
				LD_RUNPATH_SEARCH_PATHS = (
					"$(inherited)",
					"@executable_path/Frameworks",
				);
				MARKETING_VERSION = 1.0;
				PRODUCT_BUNDLE_IDENTIFIER = com.FastlaneSample;
				PRODUCT_NAME = "$(TARGET_NAME)";
				SWIFT_EMIT_LOC_STRINGS = YES;
				SWIFT_VERSION = 5.0;
				TARGETED_DEVICE_FAMILY = 1;
			};
			name = Release;
		};
		3D1DA85227983450002F0AB9 /* Debug */ = {
			isa = XCBuildConfiguration;
			buildSettings = {
				ALWAYS_EMBED_SWIFT_STANDARD_LIBRARIES = YES;
				BUNDLE_LOADER = "$(TEST_HOST)";
				CODE_SIGN_STYLE = Automatic;
				CURRENT_PROJECT_VERSION = 1;
				GENERATE_INFOPLIST_FILE = YES;
				IPHONEOS_DEPLOYMENT_TARGET = 15.0;
				LD_RUNPATH_SEARCH_PATHS = (
					"$(inherited)",
					"@executable_path/Frameworks",
					"@loader_path/Frameworks",
				);
				MARKETING_VERSION = 1.0;
				PRODUCT_BUNDLE_IDENTIFIER = com.FastlaneSampleTests;
				PRODUCT_NAME = "$(TARGET_NAME)";
				SWIFT_EMIT_LOC_STRINGS = NO;
				SWIFT_VERSION = 5.0;
				TARGETED_DEVICE_FAMILY = "1,2";
				TEST_HOST = "$(BUILT_PRODUCTS_DIR)/FastlaneSample.app/FastlaneSample";
			};
			name = Debug;
		};
		3D1DA85327983450002F0AB9 /* Release */ = {
			isa = XCBuildConfiguration;
			buildSettings = {
				ALWAYS_EMBED_SWIFT_STANDARD_LIBRARIES = YES;
				BUNDLE_LOADER = "$(TEST_HOST)";
				CODE_SIGN_STYLE = Automatic;
				CURRENT_PROJECT_VERSION = 1;
				GENERATE_INFOPLIST_FILE = YES;
				IPHONEOS_DEPLOYMENT_TARGET = 15.0;
				LD_RUNPATH_SEARCH_PATHS = (
					"$(inherited)",
					"@executable_path/Frameworks",
					"@loader_path/Frameworks",
				);
				MARKETING_VERSION = 1.0;
				PRODUCT_BUNDLE_IDENTIFIER = com.FastlaneSampleTests;
				PRODUCT_NAME = "$(TARGET_NAME)";
				SWIFT_EMIT_LOC_STRINGS = NO;
				SWIFT_VERSION = 5.0;
				TARGETED_DEVICE_FAMILY = "1,2";
				TEST_HOST = "$(BUILT_PRODUCTS_DIR)/FastlaneSample.app/FastlaneSample";
			};
			name = Release;
		};
		3D1DA85527983450002F0AB9 /* Debug */ = {
			isa = XCBuildConfiguration;
			buildSettings = {
				ALWAYS_EMBED_SWIFT_STANDARD_LIBRARIES = YES;
				CODE_SIGN_STYLE = Automatic;
				CURRENT_PROJECT_VERSION = 1;
				GENERATE_INFOPLIST_FILE = YES;
				LD_RUNPATH_SEARCH_PATHS = (
					"$(inherited)",
					"@executable_path/Frameworks",
					"@loader_path/Frameworks",
				);
				MARKETING_VERSION = 1.0;
				PRODUCT_BUNDLE_IDENTIFIER = com.FastlaneSampleUITests;
				PRODUCT_NAME = "$(TARGET_NAME)";
				SWIFT_EMIT_LOC_STRINGS = NO;
				SWIFT_VERSION = 5.0;
				TARGETED_DEVICE_FAMILY = "1,2";
				TEST_TARGET_NAME = FastlaneSample;
			};
			name = Debug;
		};
		3D1DA85627983450002F0AB9 /* Release */ = {
			isa = XCBuildConfiguration;
			buildSettings = {
				ALWAYS_EMBED_SWIFT_STANDARD_LIBRARIES = YES;
				CODE_SIGN_STYLE = Automatic;
				CURRENT_PROJECT_VERSION = 1;
				GENERATE_INFOPLIST_FILE = YES;
				LD_RUNPATH_SEARCH_PATHS = (
					"$(inherited)",
					"@executable_path/Frameworks",
					"@loader_path/Frameworks",
				);
				MARKETING_VERSION = 1.0;
				PRODUCT_BUNDLE_IDENTIFIER = com.FastlaneSampleUITests;
				PRODUCT_NAME = "$(TARGET_NAME)";
				SWIFT_EMIT_LOC_STRINGS = NO;
				SWIFT_VERSION = 5.0;
				TARGETED_DEVICE_FAMILY = "1,2";
				TEST_TARGET_NAME = FastlaneSample;
			};
			name = Release;
		};
/* End XCBuildConfiguration section */

/* Begin XCConfigurationList section */
		3D1DA81F2798344E002F0AB9 /* Build configuration list for PBXProject "FastlaneSample" */ = {
			isa = XCConfigurationList;
			buildConfigurations = (
				3D1DA84C27983450002F0AB9 /* Debug */,
				3D1DA84D27983450002F0AB9 /* Release */,
			);
			defaultConfigurationIsVisible = 0;
			defaultConfigurationName = Release;
		};
		3D1DA84E27983450002F0AB9 /* Build configuration list for PBXNativeTarget "FastlaneSample" */ = {
			isa = XCConfigurationList;
			buildConfigurations = (
				3D1DA84F27983450002F0AB9 /* Debug */,
				3D1DA85027983450002F0AB9 /* Release */,
			);
			defaultConfigurationIsVisible = 0;
			defaultConfigurationName = Release;
		};
		3D1DA85127983450002F0AB9 /* Build configuration list for PBXNativeTarget "FastlaneSampleTests" */ = {
			isa = XCConfigurationList;
			buildConfigurations = (
				3D1DA85227983450002F0AB9 /* Debug */,
				3D1DA85327983450002F0AB9 /* Release */,
			);
			defaultConfigurationIsVisible = 0;
			defaultConfigurationName = Release;
		};
		3D1DA85427983450002F0AB9 /* Build configuration list for PBXNativeTarget "FastlaneSampleUITests" */ = {
			isa = XCConfigurationList;
			buildConfigurations = (
				3D1DA85527983450002F0AB9 /* Debug */,
				3D1DA85627983450002F0AB9 /* Release */,
			);
			defaultConfigurationIsVisible = 0;
			defaultConfigurationName = Release;
		};
/* End XCConfigurationList section */
	};
	rootObject = 3D1DA81C2798344E002F0AB9 /* Project object */;
}
